{
  "nodes": {
    "nixpkgs": {
      "locked": {
        "lastModified": 1765067045,
        "narHash": "sha256-WPJyroEhvSMGcn0B2Pdam16SYa3GESmSNJs5RySLtvw=",
        "owner": "NixOS",
        "repo": "nixpkgs",
        "rev": "9a50e4026a4f18893d9e0431017024b62454aa5f",
        "type": "github"
      },
      "original": {
        "owner": "NixOS",
        "ref": "staging-next-25.11",
        "repo": "nixpkgs",
        "type": "github"
      }
    },
    "root": {
      "inputs": {
        "nixpkgs": "nixpkgs"
      }
    }
  },
  "root": "root",
  "version": 7
}
